# @generated - this file is auto-generated by `mise lock` https://mise.jdx.dev/dev-tools/mise-lock.html

lockfile_version = 1

[conda-packages.macos-arm64."icu-78.3-py310h579977c_2"]
url = "https://conda.anaconda.org/conda-forge/osx-arm64/icu-78.3-py310h579977c_2.conda"
checksum = "sha256:6cdb5dee54c72e56ab189fb3ad33cb28533553d42590e7e831160248f4416a43"

[conda-packages.macos-arm64."libsqlite-3.53.4-hca69786_1"]
url = "https://conda.anaconda.org/conda-forge/osx-arm64/libsqlite-3.53.4-hca69786_1.conda"
checksum = "sha256:839b31d4830e896b4d315b551d27f2bb08026bc946df04bcc360d8627c3ba2cd"

[conda-packages.macos-arm64."libzlib-1.3.2-h8088a28_3"]
url = "https://conda.anaconda.org/conda-forge/osx-arm64/libzlib-1.3.2-h8088a28_3.conda"
checksum = "sha256:a18fa5d5bac452401459f966cf0d872224e8080c4ff93c77e168d43ab42ef9d7"

[conda-packages.macos-arm64."ncurses-6.6-he64c551_1"]
url = "https://conda.anaconda.org/conda-forge/osx-arm64/ncurses-6.6-he64c551_1.conda"
checksum = "sha256:7024a48c8c0d0114ed4ab53c76bf9275d50e91ba7cea367a9aead638d3c29c68"

[conda-packages.macos-arm64."readline-8.3-h8b90a29_1"]
url = "https://conda.anaconda.org/conda-forge/osx-arm64/readline-8.3-h8b90a29_1.conda"
checksum = "sha256:d6782b430e6dce4fe8c7ac118cd988d5a193eb4a7f60741edfaede58016b6110"

[[tools.1password]]
version = "2.39.0"
backend = "vfox:mise-plugins/vfox-1password"
specifiers = ["latest"]

[tools.1password."platforms.macos-arm64"]
url = "https://cache.agilebits.com/dist/1P/op2/pkg/v2.39.0/op_darwin_arm64_v2.39.0.zip"

[[tools.actionlint]]
version = "1.7.12"
backend = "aqua:rhysd/actionlint"
specifiers = ["latest"]

[tools.actionlint."platforms.macos-arm64"]
checksum = "sha256:aba9ced2dee8d27fecca3dc7feb1a7f9a52caefa1eb46f3271ea66b6e0e6953f"
url = "https://github.com/rhysd/actionlint/releases/download/v1.7.12/actionlint_1.7.12_darwin_arm64.tar.gz"
url_api = "https://api.github.com/repos/rhysd/actionlint/releases/assets/384924893"
provenance = "github-attestations"

[[tools.age]]
version = "1.3.2"
backend = "aqua:FiloSottile/age"
specifiers = ["latest"]

[tools.age."platforms.macos-arm64"]
checksum = "sha256:e2020b073c44f692685a24d6abc378817eb81ffaaf49fd0531ef8565f767f2f5"
url = "https://github.com/FiloSottile/age/releases/download/v1.3.2/age-v1.3.2-darwin-arm64.tar.gz"
url_api = "https://api.github.com/repos/FiloSottile/age/releases/assets/535541897"
provenance = "github-attestations"

[[tools."aqua:anthropics/claude-code"]]
version = "2.1.272"
backend = "aqua:anthropics/claude-code"
specifiers = ["latest"]

[tools."aqua:anthropics/claude-code"."platforms.macos-arm64"]
checksum = "sha256:3254b8926b112e5af92dbb9c3840fb33187678c9638807e31f7f9b100bc8c6d5"
url = "https://github.com/anthropics/claude-code/releases/download/v2.1.272/claude-darwin-arm64.tar.gz"
url_api = "https://api.github.com/repos/anthropics/claude-code/releases/assets/564448719"

[[tools."aqua:aws/session-manager-plugin"]]
version = "1.2.835.0"
backend = "aqua:aws/session-manager-plugin"
specifiers = ["latest"]

[tools."aqua:aws/session-manager-plugin"."platforms.macos-arm64"]
url = "https://s3.amazonaws.com/session-manager-downloads/plugin/1.2.835.0/mac_arm64/sessionmanager-bundle.zip"

[[tools."aqua:github/github-mcp-server"]]
version = "1.12.1"
backend = "aqua:github/github-mcp-server"
specifiers = [
    "1.12.1",
    "latest",
]

[tools."aqua:github/github-mcp-server"."platforms.macos-arm64"]
checksum = "sha256:efb582c287e0dcc8897625d729a77f98c3f00a7af94b7ab6845acfe7f3274b28"
url = "https://github.com/github/github-mcp-server/releases/download/v1.12.1/github-mcp-server_Darwin_arm64.tar.gz"
url_api = "https://api.github.com/repos/github/github-mcp-server/releases/assets/551115231"
provenance = "github-attestations"

[[tools.ast-grep]]
version = "0.45.3"
backend = "aqua:ast-grep/ast-grep"
specifiers = ["latest"]

[tools.ast-grep."platforms.macos-arm64"]
checksum = "sha256:6d2279dea5bea2ad79c66ea93f5fe54ba926e398a8a26de76c56db68fe59eac6"
url = "https://github.com/ast-grep/ast-grep/releases/download/0.45.3/app-aarch64-apple-darwin.zip"
url_api = "https://api.github.com/repos/ast-grep/ast-grep/releases/assets/537332514"

[[tools.aws-cli]]
version = "2.36.45"
backend = "aqua:aws/aws-cli"
specifiers = ["latest"]

[tools.aws-cli."platforms.macos-arm64"]
checksum = "blake3:a1a9c30f6479aaf14f6a39ab90e76de1b79261cdf2f83f3f40d170d65ad90c2f"
url = "https://awscli.amazonaws.com/AWSCLIV2-2.36.45.pkg"

[[tools.aws-vault]]
version = "7.14.0"
backend = "aqua:ByteNess/aws-vault"
specifiers = ["latest"]

[tools.aws-vault."platforms.macos-arm64"]
checksum = "sha256:22ec956e968736d8099860b14f8d6be901ccf93fa9daee28b59846525d7f8a15"
url = "https://github.com/ByteNess/aws-vault/releases/download/v7.14.0/aws-vault-darwin-arm64"
url_api = "https://api.github.com/repos/ByteNess/aws-vault/releases/assets/557765308"

[[tools.bun]]
version = "1.4.2"
backend = "core:bun"
specifiers = [
    "1.4.2",
    "latest",
]

[tools.bun."platforms.macos-arm64"]
checksum = "sha256:90987a3a16d7db556d886ac3d551e7b6d3edf0a1cf43acaed622e8676be1d12f"
url = "https://github.com/oven-sh/bun/releases/download/bun-v1.4.2/bun-darwin-aarch64.zip"

[[tools.caddy]]
version = "2.11.4"
backend = "aqua:caddyserver/caddy"
specifiers = ["latest"]

[tools.caddy."platforms.macos-arm64"]
checksum = "sha256:9efb0af2d6cf09cfb5053c0e51721b9b3d4956d346234f39368d943d25a3c9a7"
url = "https://github.com/caddyserver/caddy/releases/download/v2.11.4/caddy_2.11.4_mac_arm64.tar.gz"
url_api = "https://api.github.com/repos/caddyserver/caddy/releases/assets/436912311"

[[tools.carapace]]
version = "1.7.3"
backend = "aqua:carapace-sh/carapace-bin"
specifiers = ["latest"]

[tools.carapace."platforms.macos-arm64"]
checksum = "sha256:a7e79d8787ffc63c26568e8d8256d12df91f5cda0d9dc83d50e90b8567028a9d"
url = "https://github.com/carapace-sh/carapace-bin/releases/download/v1.7.3/carapace-bin_1.7.3_darwin_arm64.tar.gz"
url_api = "https://api.github.com/repos/carapace-sh/carapace-bin/releases/assets/462542252"

[[tools."cargo:abtop"]]
version = "0.5.5"
backend = "cargo:abtop"
specifiers = ["latest"]

[[tools."cargo:anglosaxon"]]
version = "0.1.1"
backend = "cargo:anglosaxon"
specifiers = ["latest"]

[[tools."cargo:https://github.com/nushell/nufmt"]]
version = "HEAD"
backend = "cargo:https://github.com/nushell/nufmt"
specifiers = ["latest"]

[[tools."cargo:mdcat"]]
version = "2.16.1"
backend = "cargo:mdcat"
specifiers = ["latest"]

[[tools."cargo:rgrc"]]
version = "0.6.34"
backend = "cargo:rgrc"
specifiers = ["latest"]

[tools."cargo:rgrc".options]
features = "embed-configs"

[[tools.docker-cli]]
version = "29.8.0"
backend = "aqua:docker/cli"
specifiers = ["latest"]

[tools.docker-cli."platforms.macos-arm64"]
url = "https://download.docker.com/mac/static/stable/aarch64/docker-29.8.0.tgz"

[[tools.fnox]]
version = "1.35.2"
backend = "packslip:github.com/jdx/fnox"
specifiers = ["latest"]

[tools.fnox."platforms.macos-arm64"]
checksum = "sha256:3f6e9b4f7a59a5712abe48cf6c97b2a0600392b5cb54059a80b53497adeab354"
url = "https://github.com/jdx/fnox/releases/download/v1.35.2/fnox-aarch64-apple-darwin.tar.gz"
signer = "sigstore-oidc:https://github.com/jdx/fnox/.github/workflows/release.yml"

[[tools.fzf]]
version = "0.74.4"
backend = "aqua:junegunn/fzf"
specifiers = ["latest"]

[tools.fzf."platforms.macos-arm64"]
checksum = "sha256:4f6a113bfc0c7959e0005c78d566a51afc4fcefc956f43735c62a9deb19e92ae"
url = "https://github.com/junegunn/fzf/releases/download/v0.74.4/fzf-0.74.4-darwin_arm64.tar.gz"
url_api = "https://api.github.com/repos/junegunn/fzf/releases/assets/558287774"

[[tools.github-cli]]
version = "2.100.0"
backend = "aqua:cli/cli"
specifiers = ["latest"]

[tools.github-cli."platforms.macos-arm64"]
checksum = "sha256:45f9a62da2f6e641a7fad57e2ce39656dfd7ef331372d80a2a2aed65abb01642"
url = "https://github.com/cli/cli/releases/download/v2.100.0/gh_2.100.0_macOS_arm64.zip"
url_api = "https://api.github.com/repos/cli/cli/releases/assets/542974295"
provenance = "github-attestations"

[[tools."github:BurntSushi/bttf"]]
version = "0.1.4"
backend = "github:BurntSushi/bttf"
specifiers = ["latest"]

[tools."github:BurntSushi/bttf"."platforms.macos-arm64"]
checksum = "sha256:4284325e09e3e2bd62eea76e803701d81750619f951956e5698d208c37c9bf3f"
url = "https://github.com/BurntSushi/bttf/releases/download/0.1.4/bttf-0.1.4-aarch64-apple-darwin.tar.gz"
url_api = "https://api.github.com/repos/BurntSushi/bttf/releases/assets/432196770"

[[tools."github:achristmascarl/rainfrog"]]
version = "0.4.5"
backend = "github:achristmascarl/rainfrog"
specifiers = ["latest"]

[tools."github:achristmascarl/rainfrog"."platforms.macos-arm64"]
checksum = "sha256:ac301cb43dcb3529674116609db921e693f8dd937692a648c2b813121aed4bb7"
url = "https://github.com/achristmascarl/rainfrog/releases/download/v0.4.5/rainfrog-v0.4.5-aarch64-apple-darwin.tar.gz"
url_api = "https://api.github.com/repos/achristmascarl/rainfrog/releases/assets/528471981"

[[tools."github:agavra/tuicr"]]
version = "0.25.0"
backend = "github:agavra/tuicr"
specifiers = ["latest"]

[tools."github:agavra/tuicr"."platforms.macos-arm64"]
checksum = "sha256:3a74ce242e1e8f70bfbf90db8aaf69daaf02480e4925f8013af11c54a06d9b07"
url = "https://github.com/agavra/tuicr/releases/download/v0.25.0/tuicr-0.25.0-aarch64-apple-darwin.tar.gz"
url_api = "https://api.github.com/repos/agavra/tuicr/releases/assets/541533878"

[[tools."github:always-further/nono"]]
version = "0.77.0"
backend = "github:always-further/nono"
specifiers = ["latest"]

[tools."github:always-further/nono"."platforms.macos-arm64"]
checksum = "sha256:1b413e61758f5e212f1c683b95c3aadb3799a01dbd54685dd7eae33782de7f12"
url = "https://github.com/nolabs-ai/nono/releases/download/v0.77.0/nono-v0.77.0-aarch64-apple-darwin.tar.gz"
url_api = "https://api.github.com/repos/nolabs-ai/nono/releases/assets/557854618"
provenance = "github-attestations"

[[tools."github:aws-cloudformation/rain"]]
version = "1.24.4"
backend = "github:aws-cloudformation/rain"
specifiers = ["latest"]

[tools."github:aws-cloudformation/rain"."platforms.macos-arm64"]
checksum = "sha256:d3bbd16f9d4957da3ddf79b29de019e8937d34e8d7efbc76d43368d1f165b348"
url = "https://github.com/aws-cloudformation/rain/releases/download/v1.24.4/rain-v1.24.4_darwin-arm64.zip"
url_api = "https://api.github.com/repos/aws-cloudformation/rain/releases/assets/403585995"

[[tools."github:bensadeh/tailspin"]]
version = "7.0.0"
backend = "github:bensadeh/tailspin"
specifiers = ["latest"]

[tools."github:bensadeh/tailspin"."platforms.macos-arm64"]
checksum = "sha256:8a815e7c2449c8ba3d25a475cdd92d9d9127b991d7b46e73623d2992e4bb9ce4"
url = "https://github.com/bensadeh/tailspin/releases/download/7.0.0/tailspin-aarch64-apple-darwin.tar.gz"
url_api = "https://api.github.com/repos/bensadeh/tailspin/releases/assets/476386804"

[[tools."github:control-theory/gonzo"]]
version = "0.4.3"
backend = "github:control-theory/gonzo"
specifiers = ["latest"]

[tools."github:control-theory/gonzo"."platforms.macos-arm64"]
checksum = "sha256:e935abde0ed0367f8cf4a87d1a77d20ab2998fed59098b4a2facf9b420c57572"
url = "https://github.com/control-theory/gonzo/releases/download/v0.4.3/gonzo-0.4.3-darwin-arm64.tar.gz"
url_api = "https://api.github.com/repos/control-theory/gonzo/releases/assets/477990298"

[[tools."github:dmtrKovalenko/fff"]]
version = "0.10.6"
backend = "github:dmtrKovalenko/fff"
specifiers = ["latest"]

[tools."github:dmtrKovalenko/fff".options]
matching = "fff-mcp"

[tools."github:dmtrKovalenko/fff"."platforms.macos-arm64"]
checksum = "sha256:02e0f57f5b88fa698494f310d8005a0c34d5bda5a1fcd069520b35f8e2319892"
url = "https://github.com/dmtrKovalenko/fff/releases/download/v0.10.6/fff-mcp-aarch64-apple-darwin"
url_api = "https://api.github.com/repos/dmtrKovalenko/fff/releases/assets/536282163"

[[tools."github:docker/buildx"]]
version = "0.37.1"
backend = "github:docker/buildx"
specifiers = ["latest"]

[tools."github:docker/buildx"."platforms.macos-arm64"]
checksum = "sha256:c3cbbc820d578b0aa8158dd62ef1af25a0c8a75ef53331dbe4e219471e1dbe8c"
url = "https://github.com/docker/buildx/releases/download/v0.37.1/buildx-v0.37.1.darwin-arm64"
url_api = "https://api.github.com/repos/docker/buildx/releases/assets/557519683"

[[tools."github:docker/compose"]]
version = "5.5.1"
backend = "github:docker/compose"
specifiers = ["latest"]

[tools."github:docker/compose"."platforms.macos-arm64"]
checksum = "sha256:998735c9b6fe68a4f05895e6ea73d71ad06f9fc7046383ad89e47346781b6af5"
url = "https://github.com/docker/compose/releases/download/v5.5.1/docker-compose-darwin-aarch64"
url_api = "https://api.github.com/repos/docker/compose/releases/assets/542966325"

[[tools."github:fioncat/otree"]]
version = "0.7.1"
backend = "github:fioncat/otree"
specifiers = ["latest"]

[tools."github:fioncat/otree"."platforms.macos-arm64"]
checksum = "sha256:f9047e35166dafbdda24c5acb95fda9410ac740a7feb83ca432d0d4624d7189c"
url = "https://github.com/fioncat/otree/releases/download/v0.7.1/otree-aarch64-apple-darwin.tar.gz"
url_api = "https://api.github.com/repos/fioncat/otree/releases/assets/469060025"

[[tools."github:hedhyw/json-log-viewer"]]
version = "1.9.2"
backend = "github:hedhyw/json-log-viewer"
specifiers = ["latest"]

[tools."github:hedhyw/json-log-viewer"."platforms.macos-arm64"]
checksum = "sha256:5d62d4a62651cad73209567aa0710c3fb2905ab40469a193f17dfa80952d10ce"
url = "https://github.com/hedhyw/json-log-viewer/releases/download/v1.9.2/jlv_darwin_arm64.tar.gz"
url_api = "https://api.github.com/repos/hedhyw/json-log-viewer/releases/assets/521895378"
provenance = "github-attestations"
provenance_verified = true

[[tools."github:huseyinbabal/taws"]]
version = "1.3.0-rc.8"
backend = "github:huseyinbabal/taws"
specifiers = ["latest"]

[tools."github:huseyinbabal/taws"."platforms.macos-arm64"]
checksum = "sha256:b095d11839def114ebb86db784f2e9d5ddfab5cff919b48af5986898d26291f0"
url = "https://github.com/huseyinbabal/taws/releases/download/v1.3.0-rc.8/taws-aarch64-apple-darwin.tar.gz"
url_api = "https://api.github.com/repos/huseyinbabal/taws/releases/assets/407258769"

[[tools."github:mfontanini/presenterm"]]
version = "0.16.1"
backend = "github:mfontanini/presenterm"
specifiers = ["latest"]

[tools."github:mfontanini/presenterm"."platforms.macos-arm64"]
checksum = "sha256:56f8b25c24f9c37b06ac4b3004a2c70a2c03d81ddf7a8aa8766ae8997eeb4573"
url = "https://github.com/mfontanini/presenterm/releases/download/v0.16.1/presenterm-0.16.1-aarch64-apple-darwin.tar.gz"
url_api = "https://api.github.com/repos/mfontanini/presenterm/releases/assets/358918054"

[[tools."github:ouch-org/ouch"]]
version = "0.8.2"
backend = "github:ouch-org/ouch"
specifiers = ["0.8.2"]

[tools."github:ouch-org/ouch"."platforms.macos-arm64"]
checksum = "sha256:36d912a6739ccec6889b6e67cfe24d503e889b61c6da556b840a5e4e7e39a2e0"
url = "https://github.com/ouch-org/ouch/releases/download/0.8.2/ouch-aarch64-apple-darwin.tar.gz"
url_api = "https://api.github.com/repos/ouch-org/ouch/releases/assets/537367166"
provenance = "github-attestations"

[[tools."github:pamburus/hl"]]
version = "0.36.3"
backend = "github:pamburus/hl"
specifiers = ["latest"]

[tools."github:pamburus/hl"."platforms.macos-arm64"]
checksum = "sha256:613a787040fcf77026b9a0c49b9873a2f8466bf8dd40b098bd3333918d26b6b5"
url = "https://github.com/pamburus/hl/releases/download/v0.36.3/hl-macos-arm64.tar.gz"
url_api = "https://api.github.com/repos/pamburus/hl/releases/assets/446079901"
provenance = "github-attestations"
provenance_verified = true

[[tools."github:pb33f/openapi-changes"]]
version = "0.2.11"
backend = "github:pb33f/openapi-changes"
specifiers = ["latest"]

[tools."github:pb33f/openapi-changes"."platforms.macos-arm64"]
checksum = "sha256:5af043778e449397e81e7f84dff7330a926f5472aeda70cbb5ab8dfaaff6b9c1"
url = "https://github.com/pb33f/openapi-changes/releases/download/v0.2.11/openapi-changes_0.2.11_darwin_arm64.tar.gz"
url_api = "https://api.github.com/repos/pb33f/openapi-changes/releases/assets/531088626"

[[tools."github:pb33f/printing-press"]]
version = "0.0.28"
backend = "github:pb33f/printing-press"
specifiers = ["latest"]

[tools."github:pb33f/printing-press"."platforms.macos-arm64"]
checksum = "sha256:1c6791934633a245676b962896f51e711ca9d20d78ba92a6b7beb2347ddd9a5a"
url = "https://github.com/pb33f/printing-press/releases/download/v0.0.28/printing-press_0.0.28_darwin_arm64.tar.gz"
url_api = "https://api.github.com/repos/pb33f/printing-press/releases/assets/525089821"

[[tools."github:pb33f/wiretap"]]
version = "0.7.3"
backend = "github:pb33f/wiretap"
specifiers = ["latest"]

[tools."github:pb33f/wiretap"."platforms.macos-arm64"]
checksum = "sha256:542a4a537f48412a9ca005108ba693f2c573a8f6db79806c284e92f4494585ac"
url = "https://github.com/pb33f/wiretap/releases/download/v0.7.3/wiretap_0.7.3_darwin_arm64.tar.gz"
url_api = "https://api.github.com/repos/pb33f/wiretap/releases/assets/457492646"

[[tools."github:riii111/sabiql"]]
version = "3.0.1"
backend = "github:riii111/sabiql"
specifiers = ["latest"]

[tools."github:riii111/sabiql"."platforms.macos-arm64"]
checksum = "sha256:124ab147c2f6a10cc6a68431e961d7bf15d4650791a102ffd5437c858e4404ab"
url = "https://github.com/riii111/sabiql/releases/download/v3.0.1/sabiql-aarch64-apple-darwin.tar.gz"
url_api = "https://api.github.com/repos/riii111/sabiql/releases/assets/545712684"

[[tools."github:walles/moor"]]
version = "2.19.1"
backend = "github:walles/moor"
specifiers = ["latest"]

[tools."github:walles/moor"."platforms.macos-arm64"]
checksum = "sha256:0dffcff7733b5d3f2d5b0cfff383ee4cd00448e15d1f039a142d83c8714aca9d"
url = "https://github.com/walles/moor/releases/download/v2.19.1/moor-v2.19.1-darwin-arm64"
url_api = "https://api.github.com/repos/walles/moor/releases/assets/562732221"

[[tools.gitu]]
version = "0.43.0"
backend = "aqua:altsem/gitu"
specifiers = ["latest"]

[tools.gitu."platforms.macos-arm64"]
checksum = "sha256:19fa3fbaf79736f07eefc1fd9b163a47f40111ba4f6fe256796006cc62cdd70f"
url = "https://github.com/altsem/gitu/releases/download/v0.43.0/gitu-v0.43.0-aarch64-apple-darwin.zip"
url_api = "https://api.github.com/repos/altsem/gitu/releases/assets/473693510"

[[tools.glow]]
version = "3.0.0"
backend = "aqua:charmbracelet/glow"
specifiers = ["latest"]

[tools.glow."platforms.macos-arm64"]
checksum = "sha256:4b8a9a32412c0525e4c239e65171706fc5beb6d423608d99fe16788d47b345d3"
url = "https://github.com/charmbracelet/glow/releases/download/v3.0.0/glow_3.0.0_Darwin_arm64.tar.gz"
url_api = "https://api.github.com/repos/charmbracelet/glow/releases/assets/510466964"
provenance = "cosign"

[[tools.go]]
version = "1.27.1"
backend = "core:go"
specifiers = ["latest"]

[tools.go."platforms.macos-arm64"]
checksum = "sha256:ee215d57e0ec269c60cc9ceca68e6bda321ba9ee5afe24f4b0988703c2d87d12"
url = "https://dl.google.com/go/go1.27.1.darwin-arm64.tar.gz"

[[tools."go:github.com/isaacphi/mcp-language-server"]]
version = "0.1.1"
backend = "go:github.com/isaacphi/mcp-language-server"
specifiers = ["latest"]

[[tools.gum]]
version = "2.0.1"
backend = "aqua:charmbracelet/gum"
specifiers = ["latest"]

[tools.gum."platforms.macos-arm64"]
checksum = "sha256:994662daab6fcfe9dcfc57d87ca42bcae2948d86fa864f9010a3848fa9bb7d6e"
url = "https://github.com/charmbracelet/gum/releases/download/v2.0.1/gum_2.0.1_Darwin_arm64.tar.gz"
url_api = "https://api.github.com/repos/charmbracelet/gum/releases/assets/556563007"
provenance = "cosign"

[[tools.herdr]]
version = "0.9.0"
backend = "aqua:herdrdev/herdr"
specifiers = ["latest"]

[tools.herdr."platforms.macos-arm64"]
checksum = "sha256:32b53df09872628059c789a69f02a6b8e29e14ddf26711421f3463f70c1aef17"
url = "https://github.com/herdrdev/herdr/releases/download/v0.9.0/herdr-macos-aarch64"
url_api = "https://api.github.com/repos/herdrdev/herdr/releases/assets/549270162"

[[tools.hunk]]
version = "0.22.0"
backend = "aqua:modem-dev/hunk"
specifiers = ["latest"]

[tools.hunk."platforms.macos-arm64"]
checksum = "sha256:0f562fdd6ab346c7d91c4755e3d9409fce1d2f72da81efd52bdb7e4431c4b05e"
url = "https://github.com/modem-dev/hunk/releases/download/v0.22.0/hunkdiff-darwin-arm64.tar.gz"
url_api = "https://api.github.com/repos/modem-dev/hunk/releases/assets/554957248"

[[tools.hwatch]]
version = "0.4.2"
backend = "aqua:blacknon/hwatch"
specifiers = ["latest"]

[tools.hwatch."platforms.macos-arm64"]
checksum = "sha256:85306d655e3579b8777056161616af5591cab626d4988710740d3dc91f5beb9a"
url = "https://github.com/blacknon/hwatch/releases/download/0.4.2/hwatch-0.4.2.aarch64-apple-darwin.tar.gz"
url_api = "https://api.github.com/repos/blacknon/hwatch/releases/assets/408159853"

[[tools.jaq]]
version = "3.1.1"
backend = "aqua:01mf02/jaq"
specifiers = ["latest"]

[tools.jaq."platforms.macos-arm64"]
checksum = "sha256:b1a2e63384e156d90bbf61a1142302aa59bfebd8c89e24dfc9b5747618880fcd"
url = "https://github.com/01mf02/jaq/releases/download/v3.1.1/jaq-aarch64-apple-darwin"
url_api = "https://api.github.com/repos/01mf02/jaq/releases/assets/502328070"

[[tools.java]]
version = "zulu-25.36.205.0"
backend = "core:java"
specifiers = [
    "zulu-25",
    "zulu-25.36.205.0",
]

[tools.java."platforms.macos-arm64"]
checksum = "sha256:c2e610d1689ead4bbd860d1ee8634ffb0b61f3bd62b5573df315ce8fc00bc068"
url = "https://cdn.azul.com/zulu/bin/zulu25.36.205-ca-jdk25.0.4.1-macosx_aarch64.tar.gz"

[[tools.jwt]]
version = "6.2.0"
backend = "aqua:mike-engel/jwt-cli"
specifiers = ["latest"]

[tools.jwt."platforms.macos-arm64"]
checksum = "sha256:c277a113e2fc89d44e70cf38786e7da8b0cbfe59e77e23b37033cc4e2bd8aad6"
url = "https://github.com/mike-engel/jwt-cli/releases/download/6.2.0/jwt-macOS.tar.gz"
url_api = "https://api.github.com/repos/mike-engel/jwt-cli/releases/assets/209429226"

[[tools.lazydocker]]
version = "0.25.2"
backend = "aqua:jesseduffield/lazydocker"
specifiers = ["latest"]

[tools.lazydocker."platforms.macos-arm64"]
checksum = "sha256:4a54d7b4abdf255b2bce9806641eac5568d5b7fbc820c1b5d3f9e34ea1367d60"
url = "https://github.com/jesseduffield/lazydocker/releases/download/v0.25.2/lazydocker_0.25.2_Darwin_arm64.tar.gz"
url_api = "https://api.github.com/repos/jesseduffield/lazydocker/releases/assets/399711580"

[[tools.lazygit]]
version = "0.65.1"
backend = "aqua:jesseduffield/lazygit"
specifiers = ["latest"]

[tools.lazygit."platforms.macos-arm64"]
checksum = "sha256:65a367c6ea9a88efebaaf7998a6835eedb987e04916cef677264ff9b31b1b13e"
url = "https://github.com/jesseduffield/lazygit/releases/download/v0.65.1/lazygit_0.65.1_darwin_arm64.tar.gz"
url_api = "https://api.github.com/repos/jesseduffield/lazygit/releases/assets/560658243"

[[tools.maven]]
version = "3.9.16"
backend = "aqua:apache/maven"
specifiers = ["3"]

[tools.maven."platforms.macos-arm64"]
checksum = "sha512:831a8591fe20c8243b1dbe7d71e3244f31d1665b0804b2e825e38cbbe5ce0cafb8338851f90780735568773e0a6cd07bbec107cda0b896b008b861075358b6f6"
url = "https://archive.apache.org/dist/maven/maven-3/3.9.16/binaries/apache-maven-3.9.16-bin.tar.gz"

[[tools.mitmproxy]]
version = "12.2.3"
backend = "pipx:mitmproxy"
specifiers = ["latest"]

[[tools.neovim]]
version = "0.12.5"
backend = "vfox:mise-plugins/vfox-neovim"
specifiers = ["latest"]

[tools.neovim."platforms.macos-arm64"]
url = "https://github.com/neovim/neovim/releases/download/v0.12.5/nvim-macos-arm64.tar.gz"

[[tools.node]]
version = "24.21.0"
backend = "core:node"
specifiers = ["24"]

[tools.node."platforms.macos-arm64"]
checksum = "sha256:bed7eea5325e1108f32ce5228ddd6a5f0f08a499ee42aa7442aea583702f6057"
url = "https://nodejs.org/dist/v24.21.0/node-v24.21.0-darwin-arm64.tar.gz"

[[tools."npm:@earendil-works/pi-coding-agent"]]
version = "0.85.1"
backend = "npm:@earendil-works/pi-coding-agent"
specifiers = ["latest"]

[[tools."npm:@mermaid-js/mermaid-cli"]]
version = "11.17.0"
backend = "npm:@mermaid-js/mermaid-cli"
specifiers = ["latest"]

[[tools."npm:@pb33f/openapi-changes"]]
version = "0.2.11"
backend = "npm:@pb33f/openapi-changes"
specifiers = ["latest"]

[[tools."npm:defuddle"]]
version = "0.19.3"
backend = "npm:defuddle"
specifiers = ["latest"]

[[tools."npm:dotenv-cli"]]
version = "11.0.0"
backend = "npm:dotenv-cli"
specifiers = ["latest"]

[[tools."npm:exa-mcp-server"]]
version = "3.4.1"
backend = "npm:exa-mcp-server"
specifiers = ["latest"]

[[tools."npm:typescript-language-server"]]
version = "6.0.0"
backend = "npm:typescript-language-server"
specifiers = ["latest"]

[[tools.nu]]
version = "0.115.1"
backend = "aqua:nushell/nushell"
specifiers = ["latest"]

[tools.nu."platforms.macos-arm64"]
checksum = "sha256:2e6ed1eb043869ff05b5f2448a8c443e4d3a93557ba4303b21008a0523c96734"
url = "https://github.com/nushell/nushell/releases/download/0.115.1/nu-0.115.1-aarch64-apple-darwin.tar.gz"
url_api = "https://api.github.com/repos/nushell/nushell/releases/assets/526010403"

[[tools."pipx:awslogs"]]
version = "0.15.0"
backend = "pipx:awslogs"
specifiers = ["latest"]

[[tools."pipx:mcp2cli"]]
version = "3.7.0"
backend = "pipx:mcp2cli"
specifiers = ["latest"]

[[tools."pipx:postgres-mcp"]]
version = "0.3.0"
backend = "pipx:postgres-mcp"
specifiers = ["latest"]

[tools."pipx:postgres-mcp".options]
uvx_args = "--with mcp[cli]<2"

[[tools."pipx:posting"]]
version = "2.10.0"
backend = "pipx:posting"
specifiers = ["latest"]

[[tools."pipx:sqlit-tui"]]
version = "1.6.4"
backend = "pipx:sqlit-tui"
specifiers = ["latest"]

[[tools."pipx:xmlformatter"]]
version = "0.2.9"
backend = "pipx:xmlformatter"
specifiers = ["latest"]

[[tools.pre-commit]]
version = "4.6.2"
backend = "aqua:pre-commit/pre-commit"
specifiers = ["latest"]

[tools.pre-commit."platforms.macos-arm64"]
checksum = "sha256:43c09a73d82af8efff09900e60d76d67a2c3d990613c3c770b2b5c4418a16c4b"
url = "https://github.com/pre-commit/pre-commit/releases/download/v4.6.2/pre-commit-4.6.2.pyz"
url_api = "https://api.github.com/repos/pre-commit/pre-commit/releases/assets/509317714"

[[tools.python]]
version = "3.14.7"
backend = "core:python"
specifiers = ["latest"]

[tools.python."platforms.macos-arm64"]
checksum = "sha256:4632cb1a6edad9e73d3c81b6d2e69131637d995173e3e85005df14102b0592ba"
url = "https://github.com/astral-sh/python-build-standalone/releases/download/20260901/cpython-3.14.7+20260901-aarch64-apple-darwin-install_only_stripped.tar.gz"
provenance = "github-attestations"

[[tools.rust]]
version = "1.98.1"
backend = "core:rust"
specifiers = ["latest"]

[[tools.sops]]
version = "3.13.3"
backend = "aqua:getsops/sops"
specifiers = ["latest"]

[tools.sops."platforms.macos-arm64"]
checksum = "sha256:b97c0d434aab577dc40310e8d22ff9e45eef4c80638ab978daae9b4681c59286"
url = "https://github.com/getsops/sops/releases/download/v3.13.3/sops-v3.13.3.darwin.arm64"
url_api = "https://api.github.com/repos/getsops/sops/releases/assets/486808198"

[tools.sops."platforms.macos-arm64".provenance.slsa]
url = "https://github.com/getsops/sops/releases/download/v3.13.3/sops-v3.13.3.intoto.jsonl"

[[tools.sqlite]]
version = "3.53.4"
backend = "conda:sqlite"
specifiers = ["latest"]

[tools.sqlite.options]
channel = "conda-forge"

[tools.sqlite."platforms.macos-arm64"]
checksum = "sha256:4e0c8704a29b6c265e7bdb6508e1d4180570adcc6e031daf182578d3777fb8b1"
url = "https://conda.anaconda.org/conda-forge/osx-arm64/sqlite-3.53.4-ha9f7ffe_1.conda"
conda_deps = [
    "libsqlite-3.53.4-hca69786_1",
    "libzlib-1.3.2-h8088a28_3",
    "ncurses-6.6-he64c551_1",
    "readline-8.3-h8b90a29_1",
    "icu-78.3-py310h579977c_2",
]

[[tools.starship]]
version = "1.26.0"
backend = "aqua:starship/starship"
specifiers = ["latest"]

[tools.starship."platforms.macos-arm64"]
checksum = "sha256:c40b27b11f580411e068f2fa6c1be7830a387c0bc47a94d1d37f32b054c5361d"
url = "https://github.com/starship/starship/releases/download/v1.26.0/starship-aarch64-apple-darwin.tar.gz"
url_api = "https://api.github.com/repos/starship/starship/releases/assets/460374577"

[[tools.superfile]]
version = "1.6.0"
backend = "aqua:yorukot/superfile"
specifiers = ["latest"]

[tools.superfile."platforms.macos-arm64"]
checksum = "sha256:131f654e7f8366fd37dbe9363739f8d82e57ff3f632f45963cd233c049cfad2a"
url = "https://github.com/yorukot/superfile/releases/download/v1.6.0/superfile-darwin-v1.6.0-arm64.tar.gz"
url_api = "https://api.github.com/repos/yorukot/superfile/releases/assets/441063713"

[[tools.television]]
version = "0.15.9"
backend = "aqua:alexpasmantier/television"
specifiers = ["latest"]

[tools.television."platforms.macos-arm64"]
checksum = "sha256:94ae7177d499f74e7544243ffe9c82371183ca11a6363f198a4b3d0e29f82732"
url = "https://github.com/alexpasmantier/television/releases/download/0.15.9/tv-0.15.9-aarch64-apple-darwin.tar.gz"
url_api = "https://api.github.com/repos/alexpasmantier/television/releases/assets/447568866"

[[tools."ubi:thiagokokada/gh-gfm-preview"]]
version = "1.3.1"
backend = "ubi:thiagokokada/gh-gfm-preview"
specifiers = ["latest"]

[tools."ubi:thiagokokada/gh-gfm-preview"."platforms.macos-arm64-gh-gfm-preview"]
checksum = "blake3:cff7eaee472f37978ce8ca95a95d42a4c11fdfc45dc8a18cac3a86dd67cb9818"

[[tools.usage]]
version = "6.9.0"
backend = "packslip:github.com/jdx/usage"
specifiers = [
    "6.9.0",
    "latest",
]

[tools.usage."platforms.macos-arm64"]
checksum = "sha256:9e5315149d5a08d7d1b863b4e94729aa36240353f2847529d06ac21fac7c6c01"
url = "https://github.com/jdx/usage/releases/download/v6.9.0/usage-universal-apple-darwin.tar.gz"
signer = "sigstore-oidc:https://github.com/jdx/usage/.github/workflows/publish-cli.yml"

[[tools.uv]]
version = "0.12.14"
backend = "asdf:uv"
specifiers = ["latest"]

[[tools.viddy]]
version = "1.3.1"
backend = "aqua:sachaos/viddy"
specifiers = ["latest"]

[tools.viddy."platforms.macos-arm64"]
checksum = "sha256:46e9f219299e6a012075b46191fed21663bd916cea95f1e419b787a87ddd48bf"
url = "https://github.com/sachaos/viddy/releases/download/v1.3.1/viddy-v1.3.1-macos-arm64.tar.gz"
url_api = "https://api.github.com/repos/sachaos/viddy/releases/assets/447333781"

[[tools.watchexec]]
version = "2.7.2"
backend = "aqua:watchexec/watchexec"
specifiers = ["latest"]

[tools.watchexec."platforms.macos-arm64"]
checksum = "sha256:31e553b7160720796266168987c5e0728c388cc4776a26297b6a9feb00ab6437"
url = "https://github.com/watchexec/watchexec/releases/download/v2.7.2/watchexec-2.7.2-aarch64-apple-darwin.tar.xz"
url_api = "https://api.github.com/repos/watchexec/watchexec/releases/assets/546730424"

[[tools.zellij]]
version = "0.45.1"
backend = "aqua:zellij-org/zellij"
specifiers = ["latest"]

[tools.zellij."platforms.macos-arm64"]
checksum = "sha256:c029ba4fe1927b79ad9f0cdd59155c4dff80777863c85857d4d09b88b56f9891"
url = "https://github.com/zellij-org/zellij/releases/download/v0.45.1/zellij-aarch64-apple-darwin.tar.gz"
url_api = "https://api.github.com/repos/zellij-org/zellij/releases/assets/533540212"
